PATH
  remote: .
  specs:
    asciichem (0.1.0)
      parslet (~> 2.0)
      plurimath (~> 0.8)
      thor (~> 1.3)

GEM
  remote: https://rubygems.org/
  specs:
    ansi (1.6.0)
    ast (2.4.3)
    base64 (0.3.0)
    bcp47_spec (0.2.1)
    bigdecimal (4.1.2)
    canon (0.2.12)
      diff-lcs
      json
      moxml (~> 0.1.22)
      nokogiri
      paint
      rainbow
      table_tennis
      thor
      unicode-name
    concurrent-ruby (1.3.7)
    csv (3.3.5)
    diff-lcs (1.6.2)
    docile (1.4.1)
    ebnf (2.6.0)
      base64 (~> 0.2)
      htmlentities (~> 4.3)
      rdf (~> 3.3)
      scanf (~> 1.0)
      sxp (~> 2.0)
      unicode-types (~> 1.8)
    ffi (1.17.4-aarch64-linux-gnu)
    ffi (1.17.4-aarch64-linux-musl)
    ffi (1.17.4-arm-linux-gnu)
    ffi (1.17.4-arm-linux-musl)
    ffi (1.17.4-arm64-darwin)
    ffi (1.17.4-x86_64-darwin)
    ffi (1.17.4-x86_64-linux-gnu)
    ffi (1.17.4-x86_64-linux-musl)
    fuzzy_match (2.1.0)
    htmlentities (4.4.2)
    json (2.21.0)
    language_server-protocol (3.17.0.6)
    link_header (0.0.8)
    lint_roller (1.1.0)
    liquid (5.13.0)
      bigdecimal
      strscan (>= 3.1.1)
    logger (1.7.0)
    lutaml-model (0.8.17)
      base64
      bigdecimal
      canon
      concurrent-ruby
      liquid (>= 4.0, < 6.0)
      moxml (~> 0.1.23)
      ostruct
      rubyzip (~> 2.3)
      thor
    matrix (0.4.3)
    memo_wise (1.13.0)
    mml (2.3.7)
      lutaml-model (~> 0.8.0)
      moxml
    moxml (0.1.25)
    nokogiri (1.19.4-aarch64-linux-gnu)
      racc (~> 1.4)
    nokogiri (1.19.4-aarch64-linux-musl)
      racc (~> 1.4)
    nokogiri (1.19.4-arm-linux-gnu)
      racc (~> 1.4)
    nokogiri (1.19.4-arm-linux-musl)
      racc (~> 1.4)
    nokogiri (1.19.4-arm64-darwin)
      racc (~> 1.4)
    nokogiri (1.19.4-x86_64-darwin)
      racc (~> 1.4)
    nokogiri (1.19.4-x86_64-linux-gnu)
      racc (~> 1.4)
    nokogiri (1.19.4-x86_64-linux-musl)
      racc (~> 1.4)
    oga (3.5)
      ast
      ruby-ll (~> 2.2)
    omml (0.2.1)
      lutaml-model (>= 0.8.0, < 1.0)
      moxml (>= 0.1.18, < 0.2)
      oga (~> 3.4)
      ox (~> 2.14)
    ostruct (0.6.3)
    ox (2.14.28)
      bigdecimal (>= 3.0)
    paint (2.3.0)
    parallel (2.1.0)
    parser (3.3.11.1)
      ast (~> 2.4.1)
      racc
    parslet (2.0.0)
    plurimath (0.11.3)
      bigdecimal
      htmlentities
      lutaml-model (~> 0.8.0)
      mml (~> 2.3.6)
      omml (~> 0.2.0)
      ostruct
      ox
      parslet
      thor
      unitsml (~> 0.6.4)
    prism (1.9.0)
    racc (1.8.1)
    rainbow (3.1.1)
    rake (13.4.2)
    rdf (3.3.1)
      bcp47_spec (~> 0.2)
      link_header (~> 0.0, >= 0.0.8)
    rdf-turtle (3.3.0)
      ebnf (~> 2.4)
      rdf (~> 3.3)
    regexp_parser (2.12.0)
    rspec (3.13.2)
      rspec-core (~> 3.13.0)
      rspec-expectations (~> 3.13.0)
      rspec-mocks (~> 3.13.0)
    rspec-core (3.13.6)
      rspec-support (~> 3.13.0)
    rspec-expectations (3.13.5)
      diff-lcs (>= 1.2.0, < 2.0)
      rspec-support (~> 3.13.0)
    rspec-mocks (3.13.8)
      diff-lcs (>= 1.2.0, < 2.0)
      rspec-support (~> 3.13.0)
    rspec-support (3.13.7)
    rubocop (1.88.2)
      json (~> 2.3)
      language_server-protocol (~> 3.17.0.2)
      lint_roller (~> 1.1.0)
      parallel (>= 1.10)
      parser (>= 3.3.0.2)
      rainbow (>= 2.2.2, < 4.0)
      regexp_parser (>= 2.9.3, < 3.0)
      rubocop-ast (>= 1.49.0, < 2.0)
      ruby-progressbar (~> 1.7)
      unicode-display_width (>= 2.4.0, < 4.0)
    rubocop-ast (1.50.0)
      parser (>= 3.3.7.2)
      prism (~> 1.7)
    ruby-ll (2.2.0)
      ansi
      ast
    ruby-progressbar (1.13.0)
    rubyzip (2.4.1)
    scanf (1.0.0)
    simplecov (0.22.0)
      docile (~> 1.1)
      simplecov-html (~> 0.11)
      simplecov_json_formatter (~> 0.1)
    simplecov-html (0.13.2)
    simplecov_json_formatter (0.1.4)
    strscan (3.1.8)
    sxp (2.0.0)
      matrix (~> 0.4)
      rdf (~> 3.3)
    table_tennis (0.0.7)
      csv (~> 3.3)
      ffi (~> 1.17)
      memo_wise (~> 1.11)
      paint (~> 2.3)
      unicode-display_width (~> 3.1)
    thor (1.5.0)
    unicode-display_width (3.2.0)
      unicode-emoji (~> 4.1)
    unicode-emoji (4.2.0)
    unicode-name (1.14.0)
      unicode-types (~> 1.11)
    unicode-types (1.11.0)
    unitsdb (2.2.4)
      fuzzy_match
      logger
      lutaml-model (~> 0.8.0)
      rdf (~> 3.1)
      rdf-turtle (~> 3.1)
      rubyzip (~> 2.3)
      table_tennis (~> 0.0.7)
      thor (~> 1.0)
    unitsml (0.6.7)
      htmlentities
      lutaml-model (~> 0.8.0)
      mml (~> 2.3.6)
      ox
      parslet
      unitsdb (~> 2.2.4)

PLATFORMS
  aarch64-linux-gnu
  aarch64-linux-musl
  arm-linux-gnu
  arm-linux-musl
  arm64-darwin
  x86_64-darwin
  x86_64-linux-gnu
  x86_64-linux-musl

DEPENDENCIES
  asciichem!
  rake (~> 13.2)
  rspec (~> 3.13)
  rubocop (~> 1.66)
  simplecov (~> 0.22)

CHECKSUMS
  ansi (1.6.0) sha256=ac9ea0c0ea8d32fb4e271348e609963ac78882f34b73836c2a02b3622e666658
  asciichem (0.1.0)
  ast (2.4.3) sha256=954615157c1d6a382bc27d690d973195e79db7f55e9765ac7c481c60bdb4d383
  base64 (0.3.0) sha256=27337aeabad6ffae05c265c450490628ef3ebd4b67be58257393227588f5a97b
  bcp47_spec (0.2.1) sha256=3fd62edf96c126bd9624e4319ac74082a966081859d1ee0ef3c3041640a37810
  bigdecimal (4.1.2) sha256=53d217666027eab4280346fba98e7d5b66baaae1b9c3c1c0ffe89d48188a3fbd
  bundler (4.0.14) sha256=d09a0a965cf772266a7e49e83610be7c2f4e49e61134c42a56804bb383cc24b8
  canon (0.2.12) sha256=9b87514fbf6c0f9f28d1e2746ea5837b08e24e50c30751dba27a89f86e8709af
  concurrent-ruby (1.3.7) sha256=4412caec3a5ea2e5fdc52076724c071a81f2c0593d83b2ac8cbb8ca63b3151b0
  csv (3.3.5) sha256=6e5134ac3383ef728b7f02725d9872934f523cb40b961479f69cf3afa6c8e73f
  diff-lcs (1.6.2) sha256=9ae0d2cba7d4df3075fe8cd8602a8604993efc0dfa934cff568969efb1909962
  docile (1.4.1) sha256=96159be799bfa73cdb721b840e9802126e4e03dfc26863db73647204c727f21e
  ebnf (2.6.0) sha256=e746a316caa885cc45e243dc33efc194943956760bc9bc13948de1732fbcf63e
  ffi (1.17.4-aarch64-linux-gnu) sha256=b208f06f91ffd8f5e1193da3cae3d2ccfc27fc36fba577baf698d26d91c080df
  ffi (1.17.4-aarch64-linux-musl) sha256=9286b7a615f2676245283aef0a0a3b475ae3aae2bb5448baace630bb77b91f39
  ffi (1.17.4-arm-linux-gnu) sha256=d6dbddf7cb77bf955411af5f187a65b8cd378cb003c15c05697f5feee1cb1564
  ffi (1.17.4-arm-linux-musl) sha256=9d4838ded0465bef6e2426935f6bcc93134b6616785a84ffd2a3d82bc3cf6f95
  ffi (1.17.4-arm64-darwin) sha256=19071aaf1419251b0a46852abf960e77330a3b334d13a4ab51d58b31a937001b
  ffi (1.17.4-x86_64-darwin) sha256=aa70390523cf3235096cf64962b709b4cfbd5c082a2cb2ae714eb0fe2ccda496
  ffi (1.17.4-x86_64-linux-gnu) sha256=9d3db14c2eae074b382fa9c083fe95aec6e0a1451da249eab096c34002bc752d
  ffi (1.17.4-x86_64-linux-musl) sha256=3fdf9888483de005f8ef8d1cf2d3b20d86626af206cbf780f6a6a12439a9c49e
  fuzzy_match (2.1.0) sha256=e97e25d0eaee48a5f77ed970d007c7b6ff3c6a6858303fead2d1986859204dfc
  htmlentities (4.4.2) sha256=bbafbdf69f2eca9262be4efef7e43e6a1de54c95eb600f26984f71d2fe96c5c3
  json (2.21.0) sha256=8de199e53f93450414b9fd49811012a73f3e3265b60468c7274d1cacebde1969
  language_server-protocol (3.17.0.6) sha256=5ef2c0c138f8267e1bc631d3328347d354f96724b0af22f2c79516120443b7f0
  link_header (0.0.8) sha256=15c65ce43b29f739b30d05e5f25c22c23797e89cf6f905dbb595fb4c70cb55f9
  lint_roller (1.1.0) sha256=2c0c845b632a7d172cb849cc90c1bce937a28c5c8ccccb50dfd46a485003cc87
  liquid (5.13.0) sha256=09d594fd96b98e19a8fd5c32aadcc6950df429b69f48c2f774c0db0ce272bf19
  logger (1.7.0) sha256=196edec7cc44b66cfb40f9755ce11b392f21f7967696af15d274dde7edff0203
  lutaml-model (0.8.17) sha256=9870b09574fc6f4fec837d6fcc5d2ea9b0295c7c18bdedea29bd435762f8bf7e
  matrix (0.4.3) sha256=a0d5ab7ddcc1973ff690ab361b67f359acbb16958d1dc072b8b956a286564c5b
  memo_wise (1.13.0) sha256=30220c38c4cef410849bc73553c58664dc2c91c6379e4a1df22aea02358b716b
  mml (2.3.7) sha256=2c004bdc56805b943bb5c6a66deb94dc7a0ed59ea2ad5e43c2946800861fd1eb
  moxml (0.1.25) sha256=9cec15d56fc0e82d21f5a612cbd29d4e9812fbf2823f68de0b474548d6567afc
  nokogiri (1.19.4-aarch64-linux-gnu) sha256=1269fb644a6de405057a53dd5c762b1209b43ca7424f839454d3dbc677c31a8f
  nokogiri (1.19.4-aarch64-linux-musl) sha256=35c65b9ce72b3bb03207bdbe7067915019dc18c1b9b59139684bd6690fdd01af
  nokogiri (1.19.4-arm-linux-gnu) sha256=a301313e38bb065d68239e79734bcd6f56fb6efaacebde29e9abf2a4735340ca
  nokogiri (1.19.4-arm-linux-musl) sha256=588923c101bcfa78869734d247d25b598674323e7f22474fc468f6e5647311eb
  nokogiri (1.19.4-arm64-darwin) sha256=a46db9853286e6597b36ebc6953817d15acf3a299583eb3f89fdc6f91dd63527
  nokogiri (1.19.4-x86_64-darwin) sha256=7fd17057d3e1f00e9954a74b3cd76595d3d4a5ef233b7ed9599047c204f70551
  nokogiri (1.19.4-x86_64-linux-gnu) sha256=379fae440b28915e3f19d752ce2dcf8465ed2b2fbefd2a7ca0dd497bc981a06a
  nokogiri (1.19.4-x86_64-linux-musl) sha256=17dfb7c1fa194ae02fbf7c51a7afc8d278045ab3fdacfd86f91d02d7b274470b
  oga (3.5) sha256=2b65fe1dd192c01079f93748a04a7a8011369e4c99ea1c7e73f4a037e3229353
  omml (0.2.1) sha256=2db79af8acba229bd3c77ad787a4e92571c46f432fad0f48ea810e665f35d75d
  ostruct (0.6.3) sha256=95a2ed4a4bd1d190784e666b47b2d3f078e4a9efda2fccf18f84ddc6538ed912
  ox (2.14.28) sha256=0b0bf5a1076a747a65d6ae99c6ffb1a9b03d021d08ae26d4e387f5040486b32d
  paint (2.3.0) sha256=327d623e4038619d5bd99ae5db07973859cd78400c7f0329eea283cef8e83be5
  parallel (2.1.0) sha256=b35258865c2e31134c5ecb708beaaf6772adf9d5efae28e93e99260877b09356
  parser (3.3.11.1) sha256=d17ace7aabe3e72c3cc94043714be27cc6f852f104d81aa284c2281aecc65d54
  parslet (2.0.0) sha256=d45130695d39b43d7e6a91f4d2ec66b388a8d822bae38de9b4de9a5fbde1f606
  plurimath (0.11.3) sha256=8d35395d27770a35581c5cd127ccf0a4fbbb81397c14923bb788cb759d38be6c
  prism (1.9.0) sha256=7b530c6a9f92c24300014919c9dcbc055bf4cdf51ec30aed099b06cd6674ef85
  racc (1.8.1) sha256=4a7f6929691dbec8b5209a0b373bc2614882b55fc5d2e447a21aaa691303d62f
  rainbow (3.1.1) sha256=039491aa3a89f42efa1d6dec2fc4e62ede96eb6acd95e52f1ad581182b79bc6a
  rake (13.4.2) sha256=cb825b2bd5f1f8e91ca37bddb4b9aaf345551b4731da62949be002fa89283701
  rdf (3.3.1) sha256=dda6a2c95198915fc63d66ee270e35d4a76d431720747a2cf97ecd92062fa150
  rdf-turtle (3.3.0) sha256=10320428670be3510364195e68e365b888c458c4a462cfc8c28cdffccc64f699
  regexp_parser (2.12.0) sha256=35a916a1d63190ab5c9009457136ae5f3c0c7512d60291d0d1378ba18ce08ebb
  rspec (3.13.2) sha256=206284a08ad798e61f86d7ca3e376718d52c0bc944626b2349266f239f820587
  rspec-core (3.13.6) sha256=a8823c6411667b60a8bca135364351dda34cd55e44ff94c4be4633b37d828b2d
  rspec-expectations (3.13.5) sha256=33a4d3a1d95060aea4c94e9f237030a8f9eae5615e9bd85718fe3a09e4b58836
  rspec-mocks (3.13.8) sha256=086ad3d3d17533f4237643de0b5c42f04b66348c28bf6b9c2d3f4a3b01af1d47
  rspec-support (3.13.7) sha256=0640e5570872aafefd79867901deeeeb40b0c9875a36b983d85f54fb7381c47c
  rubocop (1.88.2) sha256=8def251c90cd955feb4daa3edc0ab56893250c4ce90ef81e6c80c03f9a939bbf
  rubocop-ast (1.50.0) sha256=b9ca88300da0803ee222ad20cdb30494c0a784eed06fdc35d254b06d662788db
  ruby-ll (2.2.0) sha256=f8811ae1dfc77d6d95033a615aacb6ab8e93fb9f421fefe75107b077dc9ab588
  ruby-progressbar (1.13.0) sha256=80fc9c47a9b640d6834e0dc7b3c94c9df37f08cb072b7761e4a71e22cff29b33
  rubyzip (2.4.1) sha256=8577c88edc1fde8935eb91064c5cb1aef9ad5494b940cf19c775ee833e075615
  scanf (1.0.0) sha256=533db7f7e5acafea1a145d6c5329cef667a58fbcb7d64379a808ff1199ee1b00
  simplecov (0.22.0) sha256=fe2622c7834ff23b98066bb0a854284b2729a569ac659f82621fc22ef36213a5
  simplecov-html (0.13.2) sha256=bd0b8e54e7c2d7685927e8d6286466359b6f16b18cb0df47b508e8d73c777246
  simplecov_json_formatter (0.1.4) sha256=529418fbe8de1713ac2b2d612aa3daa56d316975d307244399fa4838c601b428
  strscan (3.1.8) sha256=aae2db611a225559f21ffbb71765c9a4e60fd262534a9ea84f4f11c7f32f679e
  sxp (2.0.0) sha256=79971bbab54a82fe4a861332475eb8c1f33142d70f2b7e830dacbd9082824721
  table_tennis (0.0.7) sha256=b45b50dc7714e3bea5b31d2ad2b7d6bdc2995fc7a686976017c17424e1094a28
  thor (1.5.0) sha256=e3a9e55fe857e44859ce104a84675ab6e8cd59c650a49106a05f55f136425e73
  unicode-display_width (3.2.0) sha256=0cdd96b5681a5949cdbc2c55e7b420facae74c4aaf9a9815eee1087cb1853c42
  unicode-emoji (4.2.0) sha256=519e69150f75652e40bf736106cfbc8f0f73aa3fb6a65afe62fefa7f80b0f80f
  unicode-name (1.14.0) sha256=b350dcdeb503748c8ad05c472e8078570fbf3231a73be53431c15db10bbedbdd
  unicode-types (1.11.0) sha256=81d1201273260fa89b85471e7eebb93a51bb4e5f078a525508dcae7835d176f9
  unitsdb (2.2.4) sha256=ba95878db47338fe9355f59f2bd388e71e06b7a9c9d3bf890482fd3d76352869
  unitsml (0.6.7) sha256=f97614005a7dd77e9243d966c76f249a32908d79d9047cb11dd851fb13b87809

BUNDLED WITH
  4.0.14
